
Microsoft Visual Studio Solution File, Format Version 11.00
# Visual Studio 2010
Project("{2150E333-8FDC-42A3-9474-1A3956D46DE8}") = "Tests", "Tests", "{FD63B934-C365-4E8A-A594-BE237E7E1A67}"
EndProject
Project("{FAE04EC0-301F-11D3-BF4B-00C04F79EFBC}") = "Batman.Core", "Batman.Core\Batman.Core.csproj", "{BF07F4E5-BFCC-4F09-A225-84689E2C9850}"
EndProject
Project("{FAE04EC0-301F-11D3-BF4B-00C04F79EFBC}") = "Batman.Core.Tests", "Batman.Core.Tests\Batman.Core.Tests.csproj", "{0AEEECAB-BDC0-49C8-AAD8-D999E9AF678E}"
EndProject
Project("{FAE04EC0-301F-11D3-BF4B-00C04F79EFBC}") = "Batman.MVC", "Batman.MVC\Batman.MVC.csproj", "{D149447D-5393-4E74-B873-3E52C6AD1217}"
EndProject
Project("{FAE04EC0-301F-11D3-BF4B-00C04F79EFBC}") = "Batman.Core.Bootstrapper.TinyIoC", "Batman.Core.Bootstrapper.TinyIoC\Batman.Core.Bootstrapper.TinyIoC.csproj", "{A45865D2-BA36-4832-828B-6C6CD7C09BF4}"
EndProject
Project("{FAE04EC0-301F-11D3-BF4B-00C04F79EFBC}") = "Batman.Core.Bootstrapper.SimpleInjector", "Batman.Core.Bootstrapper.SimpleInjector\Batman.Core.Bootstrapper.SimpleInjector.csproj", "{AE30CD90-9E88-437A-A56F-37DC081E7378}"
EndProject
Project("{FAE04EC0-301F-11D3-BF4B-00C04F79EFBC}") = "Batman.Core.Logging.NLog", "Batman.Core.Logging.NLog\Batman.Core.Logging.NLog.csproj", "{46713A53-36D6-4CE5-95E0-010ACC872382}"
EndProject
Project("{2150E333-8FDC-42A3-9474-1A3956D46DE8}") = "Bootstrappers", "Bootstrappers", "{41BC577C-3DE9-4F47-968E-B63AFA881B8C}"
EndProject
Project("{2150E333-8FDC-42A3-9474-1A3956D46DE8}") = "Loggers", "Loggers", "{4E3CDE5C-6850-403B-BA66-90899EE55AAC}"
EndProject
Project("{2150E333-8FDC-42A3-9474-1A3956D46DE8}") = "FileSystems", "FileSystems", "{E74DF284-6F6A-4361-AF81-A4E44E20D41E}"
EndProject
Project("{FAE04EC0-301F-11D3-BF4B-00C04F79EFBC}") = "Batman.Core.FileSystem.Default", "Batman.Core.FileSystem.Local\Batman.Core.FileSystem.Default.csproj", "{2BD04D9A-6A49-493E-9F5C-C670B56F7E53}"
EndProject
Project("{2150E333-8FDC-42A3-9474-1A3956D46DE8}") = "Assets", "Assets", "{B1397D76-1B00-4C4A-BBF6-354D0F949C09}"
EndProject
Project("{FAE04EC0-301F-11D3-BF4B-00C04F79EFBC}") = "Batman.MVC.Assets.WebGrease", "Batman.MVC.Assets.WebGrease\Batman.MVC.Assets.WebGrease.csproj", "{17C41C92-A6F8-4935-B723-BC68DDD66F19}"
EndProject
Project("{FAE04EC0-301F-11D3-BF4B-00C04F79EFBC}") = "Batman.MVC.Assets.Yui", "Batman.MVC.Assets.Yui\Batman.MVC.Assets.Yui.csproj", "{D060EF74-B9D3-4FF4-A55C-FDD3CF40DC4C}"
EndProject
Project("{FAE04EC0-301F-11D3-BF4B-00C04F79EFBC}") = "Batman.MVC.Assets.Less", "Batman.MVC.Assets.Less\Batman.MVC.Assets.Less.csproj", "{8D08470C-D294-4F75-8405-DAF69B1B897F}"
EndProject
Project("{2150E333-8FDC-42A3-9474-1A3956D46DE8}") = "Email", "Email", "{AF179E4E-7BDE-4D90-908F-F3D42EC40D93}"
EndProject
Project("{FAE04EC0-301F-11D3-BF4B-00C04F79EFBC}") = "Batman.Core.Communication.SMTP", "Batman.Core.Communication.SMTP\Batman.Core.Communication.SMTP.csproj", "{D0FBD592-DDE1-45B3-98FB-AB7735AE7214}"
EndProject
Project("{FAE04EC0-301F-11D3-BF4B-00C04F79EFBC}") = "Batman.Core.Communication.RazorFormatter", "Batman.Core.Communication.RazorFormatter\Batman.Core.Communication.RazorFormatter.csproj", "{B07A14D4-FEEA-41ED-B6CF-310D9A622480}"
EndProject
Global
	GlobalSection(SolutionConfigurationPlatforms) = preSolution
		Debug|Any CPU = Debug|Any CPU
		Release|Any CPU = Release|Any CPU
	EndGlobalSection
	GlobalSection(ProjectConfigurationPlatforms) = postSolution
		{BF07F4E5-BFCC-4F09-A225-84689E2C9850}.Debug|Any CPU.ActiveCfg = Debug|Any CPU
		{BF07F4E5-BFCC-4F09-A225-84689E2C9850}.Debug|Any CPU.Build.0 = Debug|Any CPU
		{BF07F4E5-BFCC-4F09-A225-84689E2C9850}.Release|Any CPU.ActiveCfg = Release|Any CPU
		{BF07F4E5-BFCC-4F09-A225-84689E2C9850}.Release|Any CPU.Build.0 = Release|Any CPU
		{0AEEECAB-BDC0-49C8-AAD8-D999E9AF678E}.Debug|Any CPU.ActiveCfg = Debug|Any CPU
		{0AEEECAB-BDC0-49C8-AAD8-D999E9AF678E}.Debug|Any CPU.Build.0 = Debug|Any CPU
		{0AEEECAB-BDC0-49C8-AAD8-D999E9AF678E}.Release|Any CPU.ActiveCfg = Release|Any CPU
		{0AEEECAB-BDC0-49C8-AAD8-D999E9AF678E}.Release|Any CPU.Build.0 = Release|Any CPU
		{D149447D-5393-4E74-B873-3E52C6AD1217}.Debug|Any CPU.ActiveCfg = Debug|Any CPU
		{D149447D-5393-4E74-B873-3E52C6AD1217}.Debug|Any CPU.Build.0 = Debug|Any CPU
		{D149447D-5393-4E74-B873-3E52C6AD1217}.Release|Any CPU.ActiveCfg = Release|Any CPU
		{D149447D-5393-4E74-B873-3E52C6AD1217}.Release|Any CPU.Build.0 = Release|Any CPU
		{A45865D2-BA36-4832-828B-6C6CD7C09BF4}.Debug|Any CPU.ActiveCfg = Debug|Any CPU
		{A45865D2-BA36-4832-828B-6C6CD7C09BF4}.Debug|Any CPU.Build.0 = Debug|Any CPU
		{A45865D2-BA36-4832-828B-6C6CD7C09BF4}.Release|Any CPU.ActiveCfg = Release|Any CPU
		{A45865D2-BA36-4832-828B-6C6CD7C09BF4}.Release|Any CPU.Build.0 = Release|Any CPU
		{AE30CD90-9E88-437A-A56F-37DC081E7378}.Debug|Any CPU.ActiveCfg = Debug|Any CPU
		{AE30CD90-9E88-437A-A56F-37DC081E7378}.Debug|Any CPU.Build.0 = Debug|Any CPU
		{AE30CD90-9E88-437A-A56F-37DC081E7378}.Release|Any CPU.ActiveCfg = Release|Any CPU
		{AE30CD90-9E88-437A-A56F-37DC081E7378}.Release|Any CPU.Build.0 = Release|Any CPU
		{46713A53-36D6-4CE5-95E0-010ACC872382}.Debug|Any CPU.ActiveCfg = Debug|Any CPU
		{46713A53-36D6-4CE5-95E0-010ACC872382}.Debug|Any CPU.Build.0 = Debug|Any CPU
		{46713A53-36D6-4CE5-95E0-010ACC872382}.Release|Any CPU.ActiveCfg = Release|Any CPU
		{46713A53-36D6-4CE5-95E0-010ACC872382}.Release|Any CPU.Build.0 = Release|Any CPU
		{2BD04D9A-6A49-493E-9F5C-C670B56F7E53}.Debug|Any CPU.ActiveCfg = Debug|Any CPU
		{2BD04D9A-6A49-493E-9F5C-C670B56F7E53}.Debug|Any CPU.Build.0 = Debug|Any CPU
		{2BD04D9A-6A49-493E-9F5C-C670B56F7E53}.Release|Any CPU.ActiveCfg = Release|Any CPU
		{2BD04D9A-6A49-493E-9F5C-C670B56F7E53}.Release|Any CPU.Build.0 = Release|Any CPU
		{17C41C92-A6F8-4935-B723-BC68DDD66F19}.Debug|Any CPU.ActiveCfg = Debug|Any CPU
		{17C41C92-A6F8-4935-B723-BC68DDD66F19}.Debug|Any CPU.Build.0 = Debug|Any CPU
		{17C41C92-A6F8-4935-B723-BC68DDD66F19}.Release|Any CPU.ActiveCfg = Release|Any CPU
		{17C41C92-A6F8-4935-B723-BC68DDD66F19}.Release|Any CPU.Build.0 = Release|Any CPU
		{D060EF74-B9D3-4FF4-A55C-FDD3CF40DC4C}.Debug|Any CPU.ActiveCfg = Debug|Any CPU
		{D060EF74-B9D3-4FF4-A55C-FDD3CF40DC4C}.Debug|Any CPU.Build.0 = Debug|Any CPU
		{D060EF74-B9D3-4FF4-A55C-FDD3CF40DC4C}.Release|Any CPU.ActiveCfg = Release|Any CPU
		{D060EF74-B9D3-4FF4-A55C-FDD3CF40DC4C}.Release|Any CPU.Build.0 = Release|Any CPU
		{8D08470C-D294-4F75-8405-DAF69B1B897F}.Debug|Any CPU.ActiveCfg = Debug|Any CPU
		{8D08470C-D294-4F75-8405-DAF69B1B897F}.Debug|Any CPU.Build.0 = Debug|Any CPU
		{8D08470C-D294-4F75-8405-DAF69B1B897F}.Release|Any CPU.ActiveCfg = Release|Any CPU
		{8D08470C-D294-4F75-8405-DAF69B1B897F}.Release|Any CPU.Build.0 = Release|Any CPU
		{D0FBD592-DDE1-45B3-98FB-AB7735AE7214}.Debug|Any CPU.ActiveCfg = Debug|Any CPU
		{D0FBD592-DDE1-45B3-98FB-AB7735AE7214}.Debug|Any CPU.Build.0 = Debug|Any CPU
		{D0FBD592-DDE1-45B3-98FB-AB7735AE7214}.Release|Any CPU.ActiveCfg = Release|Any CPU
		{D0FBD592-DDE1-45B3-98FB-AB7735AE7214}.Release|Any CPU.Build.0 = Release|Any CPU
		{B07A14D4-FEEA-41ED-B6CF-310D9A622480}.Debug|Any CPU.ActiveCfg = Debug|Any CPU
		{B07A14D4-FEEA-41ED-B6CF-310D9A622480}.Debug|Any CPU.Build.0 = Debug|Any CPU
		{B07A14D4-FEEA-41ED-B6CF-310D9A622480}.Release|Any CPU.ActiveCfg = Release|Any CPU
		{B07A14D4-FEEA-41ED-B6CF-310D9A622480}.Release|Any CPU.Build.0 = Release|Any CPU
	EndGlobalSection
	GlobalSection(SolutionProperties) = preSolution
		HideSolutionNode = FALSE
	EndGlobalSection
	GlobalSection(NestedProjects) = preSolution
		{0AEEECAB-BDC0-49C8-AAD8-D999E9AF678E} = {FD63B934-C365-4E8A-A594-BE237E7E1A67}
		{AE30CD90-9E88-437A-A56F-37DC081E7378} = {41BC577C-3DE9-4F47-968E-B63AFA881B8C}
		{A45865D2-BA36-4832-828B-6C6CD7C09BF4} = {41BC577C-3DE9-4F47-968E-B63AFA881B8C}
		{46713A53-36D6-4CE5-95E0-010ACC872382} = {4E3CDE5C-6850-403B-BA66-90899EE55AAC}
		{2BD04D9A-6A49-493E-9F5C-C670B56F7E53} = {E74DF284-6F6A-4361-AF81-A4E44E20D41E}
		{17C41C92-A6F8-4935-B723-BC68DDD66F19} = {B1397D76-1B00-4C4A-BBF6-354D0F949C09}
		{D060EF74-B9D3-4FF4-A55C-FDD3CF40DC4C} = {B1397D76-1B00-4C4A-BBF6-354D0F949C09}
		{8D08470C-D294-4F75-8405-DAF69B1B897F} = {B1397D76-1B00-4C4A-BBF6-354D0F949C09}
		{D0FBD592-DDE1-45B3-98FB-AB7735AE7214} = {AF179E4E-7BDE-4D90-908F-F3D42EC40D93}
		{B07A14D4-FEEA-41ED-B6CF-310D9A622480} = {AF179E4E-7BDE-4D90-908F-F3D42EC40D93}
	EndGlobalSection
EndGlobal
